
Microsoft Visual Studio Solution File, Format Version 12.00
# Visual Studio Version 16
VisualStudioVersion = 16.0.29102.190
MinimumVisualStudioVersion = 10.0.40219.1
Project("{FAE04EC0-301F-11D3-BF4B-00C04F79EFBC}") = "Seminar KPO", "Seminar KPO\Seminar KPO.csproj", "{A0EAAAC9-07C0-4C6A-8427-DCBC26A6BE17}"
EndProject
Global
	GlobalSection(SolutionConfigurationPlatforms) = preSolution
		Debug|Any CPU = Debug|Any CPU
		Release|Any CPU = Release|Any CPU
	EndGlobalSection
	GlobalSection(ProjectConfigurationPlatforms) = postSolution
		{A0EAAAC9-07C0-4C6A-8427-DCBC26A6BE17}.Debug|Any CPU.ActiveCfg = Debug|Any CPU
		{A0EAAAC9-07C0-4C6A-8427-DCBC26A6BE17}.Debug|Any CPU.Build.0 = Debug|Any CPU
		{A0EAAAC9-07C0-4C6A-8427-DCBC26A6BE17}.Release|Any CPU.ActiveCfg = Release|Any CPU
		{A0EAAAC9-07C0-4C6A-8427-DCBC26A6BE17}.Release|Any CPU.Build.0 = Release|Any CPU
	EndGlobalSection
	GlobalSection(SolutionProperties) = preSolution
		HideSolutionNode = FALSE
	EndGlobalSection
	GlobalSection(ExtensibilityGlobals) = postSolution
		SolutionGuid = {45781379-B2FE-4CD3-828F-CB525E913AAE}
	EndGlobalSection
EndGlobal
